// !$*UTF8*$!
{
	archiveVersion = 1;
	classes = {
	};
	objectVersion = 51;
	objects = {

/* Begin PBXBuildFile section */
		1B0747A6AEC72C87A604BBC3 /* Pods_TaskGotReady.framework in Frameworks */ = {isa = PBXBuildFile; fileRef = AF744AE3F0F6EBBA9E4A5B0E /* Pods_TaskGotReady.framework */; };
		D90B952D22D0C20000AA20E9 /* Item.swift in Sources */ = {isa = PBXBuildFile; fileRef = D90B952C22D0C20000AA20E9 /* Item.swift */; };
		D90B952F22D0C20E00AA20E9 /* Category.swift in Sources */ = {isa = PBXBuildFile; fileRef = D90B952E22D0C20E00AA20E9 /* Category.swift */; };
		D912579722CF86E000ABA2D1 /* CategoryViewController.swift in Sources */ = {isa = PBXBuildFile; fileRef = D912579622CF86E000ABA2D1 /* CategoryViewController.swift */; };
		D996A09D22D21DAF005A4CAA /* SwipeTableViewController.swift in Sources */ = {isa = PBXBuildFile; fileRef = D996A09C22D21DAF005A4CAA /* SwipeTableViewController.swift */; };
		D9AB17AB22CA33CC00D3BA2D /* Main.storyboard in Resources */ = {isa = PBXBuildFile; fileRef = D9AB17A922CA33CC00D3BA2D /* Main.storyboard */; };
		D9AB17AD22CA33CD00D3BA2D /* Assets.xcassets in Resources */ = {isa = PBXBuildFile; fileRef = D9AB17AC22CA33CD00D3BA2D /* Assets.xcassets */; };
		D9AB17B022CA33CD00D3BA2D /* LaunchScreen.storyboard in Resources */ = {isa = PBXBuildFile; fileRef = D9AB17AE22CA33CD00D3BA2D /* LaunchScreen.storyboard */; };
		D9AB17E222CBC77200D3BA2D /* AppDelegate.swift in Sources */ = {isa = PBXBuildFile; fileRef = D9AB17A522CA33CC00D3BA2D /* AppDelegate.swift */; };
		D9AB182822CBDAE600D3BA2D /* ToDoListViewController.swift in Sources */ = {isa = PBXBuildFile; fileRef = D9AB17A722CA33CC00D3BA2D /* ToDoListViewController.swift */; };
/* End PBXBuildFile section */

/* Begin PBXFileReference section */
		2BD52CB12126EEE86B411A78 /* Pods-TaskGotReady.debug.xcconfig */ = {isa = PBXFileReference; includeInIndex = 1; lastKnownFileType = text.xcconfig; name = "Pods-TaskGotReady.debug.xcconfig"; path = "Target Support Files/Pods-TaskGotReady/Pods-TaskGotReady.debug.xcconfig"; sourceTree = "<group>"; };
		69E59794949A256D3942E13A /* Pods-TaskGotReady.release.xcconfig */ = {isa = PBXFileReference; includeInIndex = 1; lastKnownFileType = text.xcconfig; name = "Pods-TaskGotReady.release.xcconfig"; path = "Target Support Files/Pods-TaskGotReady/Pods-TaskGotReady.release.xcconfig"; sourceTree = "<group>"; };
		AF744AE3F0F6EBBA9E4A5B0E /* Pods_TaskGotReady.framework */ = {isa = PBXFileReference; explicitFileType = wrapper.framework; includeInIndex = 0; path = Pods_TaskGotReady.framework; sourceTree = BUILT_PRODUCTS_DIR; };
		D90B952C22D0C20000AA20E9 /* Item.swift */ = {isa = PBXFileReference; lastKnownFileType = sourcecode.swift; path = Item.swift; sourceTree = "<group>"; };
		D90B952E22D0C20E00AA20E9 /* Category.swift */ = {isa = PBXFileReference; lastKnownFileType = sourcecode.swift; path = Category.swift; sourceTree = "<group>"; };
		D912579622CF86E000ABA2D1 /* CategoryViewController.swift */ = {isa = PBXFileReference; lastKnownFileType = sourcecode.swift; path = CategoryViewController.swift; sourceTree = "<group>"; };
		D996A09C22D21DAF005A4CAA /* SwipeTableViewController.swift */ = {isa = PBXFileReference; lastKnownFileType = sourcecode.swift; path = SwipeTableViewController.swift; sourceTree = "<group>"; };
		D9AB17A222CA33CC00D3BA2D /* TaskGotReady.app */ = {isa = PBXFileReference; explicitFileType = wrapper.application; includeInIndex = 0; path = TaskGotReady.app; sourceTree = BUILT_PRODUCTS_DIR; };
		D9AB17A522CA33CC00D3BA2D /* AppDelegate.swift */ = {isa = PBXFileReference; lastKnownFileType = sourcecode.swift; path = AppDelegate.swift; sourceTree = "<group>"; tabWidth = 1; };
		D9AB17A722CA33CC00D3BA2D /* ToDoListViewController.swift */ = {isa = PBXFileReference; lastKnownFileType = sourcecode.swift; path = ToDoListViewController.swift; sourceTree = "<group>"; wrapsLines = 1; };
		D9AB17AA22CA33CC00D3BA2D /* Base */ = {isa = PBXFileReference; lastKnownFileType = file.storyboard; name = Base; path = Base.lproj/Main.storyboard; sourceTree = "<group>"; };
		D9AB17AC22CA33CD00D3BA2D /* Assets.xcassets */ = {isa = PBXFileReference; lastKnownFileType = folder.assetcatalog; path = Assets.xcassets; sourceTree = "<group>"; };
		D9AB17AF22CA33CD00D3BA2D /* Base */ = {isa = PBXFileReference; lastKnownFileType = file.storyboard; name = Base; path = Base.lproj/LaunchScreen.storyboard; sourceTree = "<group>"; };
		D9AB17B122CA33CD00D3BA2D /* Info.plist */ = {isa = PBXFileReference; lastKnownFileType = text.plist.xml; path = Info.plist; sourceTree = "<group>"; };
/* End PBXFileReference section */

/* Begin PBXFrameworksBuildPhase section */
		D9AB179F22CA33CC00D3BA2D /* Frameworks */ = {
			isa = PBXFrameworksBuildPhase;
			buildActionMask = 2147483647;
			files = (
				1B0747A6AEC72C87A604BBC3 /* Pods_TaskGotReady.framework in Frameworks */,
			);
			runOnlyForDeploymentPostprocessing = 0;
		};
/* End PBXFrameworksBuildPhase section */

/* Begin PBXGroup section */
		24BD954EA908C5828FECC1A1 /* Frameworks */ = {
			isa = PBXGroup;
			children = (
				AF744AE3F0F6EBBA9E4A5B0E /* Pods_TaskGotReady.framework */,
			);
			name = Frameworks;
			sourceTree = "<group>";
		};
		D0A5A8DB051FF8A18BCC3300 /* Pods */ = {
			isa = PBXGroup;
			children = (
				2BD52CB12126EEE86B411A78 /* Pods-TaskGotReady.debug.xcconfig */,
				69E59794949A256D3942E13A /* Pods-TaskGotReady.release.xcconfig */,
			);
			path = Pods;
			sourceTree = "<group>";
		};
		D9AB179922CA33CC00D3BA2D = {
			isa = PBXGroup;
			children = (
				D9AB17A422CA33CC00D3BA2D /* TaskGotReady */,
				D9AB17A322CA33CC00D3BA2D /* Products */,
				D0A5A8DB051FF8A18BCC3300 /* Pods */,
				24BD954EA908C5828FECC1A1 /* Frameworks */,
			);
			sourceTree = "<group>";
		};
		D9AB17A322CA33CC00D3BA2D /* Products */ = {
			isa = PBXGroup;
			children = (
				D9AB17A222CA33CC00D3BA2D /* TaskGotReady.app */,
			);
			name = Products;
			sourceTree = "<group>";
		};
		D9AB17A422CA33CC00D3BA2D /* TaskGotReady */ = {
			isa = PBXGroup;
			children = (
				D9AB17A522CA33CC00D3BA2D /* AppDelegate.swift */,
				D9AB17BA22CB832200D3BA2D /* Controllers */,
				D9AB17B922CB830800D3BA2D /* Data Model */,
				D9AB17BB22CB833700D3BA2D /* Views */,
				D9AB17BC22CB835200D3BA2D /* Supporting Files */,
				D9AB17B122CA33CD00D3BA2D /* Info.plist */,
			);
			path = TaskGotReady;
			sourceTree = "<group>";
		};
		D9AB17B922CB830800D3BA2D /* Data Model */ = {
			isa = PBXGroup;
			children = (
				D90B952E22D0C20E00AA20E9 /* Category.swift */,
				D90B952C22D0C20000AA20E9 /* Item.swift */,
			);
			path = "Data Model";
			sourceTree = "<group>";
		};
		D9AB17BA22CB832200D3BA2D /* Controllers */ = {
			isa = PBXGroup;
			children = (
				D912579622CF86E000ABA2D1 /* CategoryViewController.swift */,
				D9AB17A722CA33CC00D3BA2D /* ToDoListViewController.swift */,
				D996A09C22D21DAF005A4CAA /* SwipeTableViewController.swift */,
			);
			path = Controllers;
			sourceTree = "<group>";
		};
		D9AB17BB22CB833700D3BA2D /* Views */ = {
			isa = PBXGroup;
			children = (
				D9AB17A922CA33CC00D3BA2D /* Main.storyboard */,
			);
			path = Views;
			sourceTree = "<group>";
		};
		D9AB17BC22CB835200D3BA2D /* Supporting Files */ = {
			isa = PBXGroup;
			children = (
				D9AB17AC22CA33CD00D3BA2D /* Assets.xcassets */,
				D9AB17AE22CA33CD00D3BA2D /* LaunchScreen.storyboard */,
			);
			path = "Supporting Files";
			sourceTree = "<group>";
		};
/* End PBXGroup section */

/* Begin PBXNativeTarget section */
		D9AB17A122CA33CC00D3BA2D /* TaskGotReady */ = {
			isa = PBXNativeTarget;
			buildConfigurationList = D9AB17B422CA33CD00D3BA2D /* Build configuration list for PBXNativeTarget "TaskGotReady" */;
			buildPhases = (
				BFF1D80AEB18D436B92C4246 /* [CP] Check Pods Manifest.lock */,
				D9AB179E22CA33CC00D3BA2D /* Sources */,
				D9AB179F22CA33CC00D3BA2D /* Frameworks */,
				D9AB17A022CA33CC00D3BA2D /* Resources */,
				F53AA45AF8A43E64C3573312 /* [CP] Embed Pods Frameworks */,
			);
			buildRules = (
			);
			dependencies = (
			);
			name = TaskGotReady;
			productName = TaskGotReady;
			productReference = D9AB17A222CA33CC00D3BA2D /* TaskGotReady.app */;
			productType = "com.apple.product-type.application";
		};
/* End PBXNativeTarget section */

/* Begin PBXProject section */
		D9AB179A22CA33CC00D3BA2D /* Project object */ = {
			isa = PBXProject;
			attributes = {
				LastSwiftUpdateCheck = 1020;
				LastUpgradeCheck = 1020;
				ORGANIZATIONNAME = "Viktor Varsano";
				TargetAttributes = {
					D9AB17A122CA33CC00D3BA2D = {
						CreatedOnToolsVersion = 10.2.1;
					};
				};
			};
			buildConfigurationList = D9AB179D22CA33CC00D3BA2D /* Build configuration list for PBXProject "TaskGotReady" */;
			compatibilityVersion = "Xcode 10.0";
			developmentRegion = en;
			hasScannedForEncodings = 0;
			knownRegions = (
				en,
				Base,
			);
			mainGroup = D9AB179922CA33CC00D3BA2D;
			productRefGroup = D9AB17A322CA33CC00D3BA2D /* Products */;
			projectDirPath = "";
			projectRoot = "";
			targets = (
				D9AB17A122CA33CC00D3BA2D /* TaskGotReady */,
			);
		};
/* End PBXProject section */

/* Begin PBXResourcesBuildPhase section */
		D9AB17A022CA33CC00D3BA2D /* Resources */ = {
			isa = PBXResourcesBuildPhase;
			buildActionMask = 2147483647;
			files = (
				D9AB17B022CA33CD00D3BA2D /* LaunchScreen.storyboard in Resources */,
				D9AB17AD22CA33CD00D3BA2D /* Assets.xcassets in Resources */,
				D9AB17AB22CA33CC00D3BA2D /* Main.storyboard in Resources */,
			);
			runOnlyForDeploymentPostprocessing = 0;
		};
/* End PBXResourcesBuildPhase section */

/* Begin PBXShellScriptBuildPhase section */
		BFF1D80AEB18D436B92C4246 /* [CP] Check Pods Manifest.lock */ = {
			isa = PBXShellScriptBuildPhase;
			buildActionMask = 2147483647;
			files = (
			);
			inputFileListPaths = (
			);
			inputPaths = (
				"${PODS_PODFILE_DIR_PATH}/Podfile.lock",
				"${PODS_ROOT}/Manifest.lock",
			);
			name = "[CP] Check Pods Manifest.lock";
			outputFileListPaths = (
			);
			outputPaths = (
				"$(DERIVED_FILE_DIR)/Pods-TaskGotReady-checkManifestLockResult.txt",
			);
			runOnlyForDeploymentPostprocessing = 0;
			shellPath = /bin/sh;
			shellScript = "diff \"${PODS_PODFILE_DIR_PATH}/Podfile.lock\" \"${PODS_ROOT}/Manifest.lock\" > /dev/null\nif [ $? != 0 ] ; then\n    # print error to STDERR\n    echo \"error: The sandbox is not in sync with the Podfile.lock. Run 'pod install' or update your CocoaPods installation.\" >&2\n    exit 1\nfi\n# This output is used by Xcode 'outputs' to avoid re-running this script phase.\necho \"SUCCESS\" > \"${SCRIPT_OUTPUT_FILE_0}\"\n";
			showEnvVarsInLog = 0;
		};
		F53AA45AF8A43E64C3573312 /* [CP] Embed Pods Frameworks */ = {
			isa = PBXShellScriptBuildPhase;
			buildActionMask = 2147483647;
			files = (
			);
			inputFileListPaths = (
				"${PODS_ROOT}/Target Support Files/Pods-TaskGotReady/Pods-TaskGotReady-frameworks-${CONFIGURATION}-input-files.xcfilelist",
			);
			name = "[CP] Embed Pods Frameworks";
			outputFileListPaths = (
				"${PODS_ROOT}/Target Support Files/Pods-TaskGotReady/Pods-TaskGotReady-frameworks-${CONFIGURATION}-output-files.xcfilelist",
			);
			runOnlyForDeploymentPostprocessing = 0;
			shellPath = /bin/sh;
			shellScript = "\"${PODS_ROOT}/Target Support Files/Pods-TaskGotReady/Pods-TaskGotReady-frameworks.sh\"\n";
			showEnvVarsInLog = 0;
		};
/* End PBXShellScriptBuildPhase section */

/* Begin PBXSourcesBuildPhase section */
		D9AB179E22CA33CC00D3BA2D /* Sources */ = {
			isa = PBXSourcesBuildPhase;
			buildActionMask = 2147483647;
			files = (
				D90B952D22D0C20000AA20E9 /* Item.swift in Sources */,
				D912579722CF86E000ABA2D1 /* CategoryViewController.swift in Sources */,
				D9AB17E222CBC77200D3BA2D /* AppDelegate.swift in Sources */,
				D9AB182822CBDAE600D3BA2D /* ToDoListViewController.swift in Sources */,
				D996A09D22D21DAF005A4CAA /* SwipeTableViewController.swift in Sources */,
				D90B952F22D0C20E00AA20E9 /* Category.swift in Sources */,
			);
			runOnlyForDeploymentPostprocessing = 0;
		};
/* End PBXSourcesBuildPhase section */

/* Begin PBXVariantGroup section */
		D9AB17A922CA33CC00D3BA2D /* Main.storyboard */ = {
			isa = PBXVariantGroup;
			children = (
				D9AB17AA22CA33CC00D3BA2D /* Base */,
			);
			name = Main.storyboard;
			sourceTree = "<group>";
		};
		D9AB17AE22CA33CD00D3BA2D /* LaunchScreen.storyboard */ = {
			isa = PBXVariantGroup;
			children = (
				D9AB17AF22CA33CD00D3BA2D /* Base */,
			);
			name = LaunchScreen.storyboard;
			sourceTree = "<group>";
		};
/* End PBXVariantGroup section */

/* Begin XCBuildConfiguration section */
		D9AB17B222CA33CD00D3BA2D /* Debug */ = {
			isa = XCBuildConfiguration;
			buildSettings = {
				ALWAYS_SEARCH_USER_PATHS = NO;
				CLANG_ANALYZER_NONNULL = YES;
				CLANG_ANALYZER_NUMBER_OBJECT_CONVERSION = YES_AGGRESSIVE;
				CLANG_CXX_LANGUAGE_STANDARD = "gnu++14";
				CLANG_CXX_LIBRARY = "libc++";
				CLANG_ENABLE_MODULES = YES;
				CLANG_ENABLE_OBJC_ARC = YES;
				CLANG_ENABLE_OBJC_WEAK = YES;
				CLANG_WARN_BLOCK_CAPTURE_AUTORELEASING = YES;
				CLANG_WARN_BOOL_CONVERSION = YES;
				CLANG_WARN_COMMA = YES;
				CLANG_WARN_CONSTANT_CONVERSION = YES;
				CLANG_WARN_DEPRECATED_OBJC_IMPLEMENTATIONS = YES;
				CLANG_WARN_DIRECT_OBJC_ISA_USAGE = YES_ERROR;
				CLANG_WARN_DOCUMENTATION_COMMENTS = YES;
				CLANG_WARN_EMPTY_BODY = YES;
				CLANG_WARN_ENUM_CONVERSION = YES;
				CLANG_WARN_INFINITE_RECURSION = YES;
				CLANG_WARN_INT_CONVERSION = YES;
				CLANG_WARN_NON_LITERAL_NULL_CONVERSION = YES;
				CLANG_WARN_OBJC_IMPLICIT_RETAIN_SELF = YES;
				CLANG_WARN_OBJC_LITERAL_CONVERSION = YES;
				CLANG_WARN_OBJC_ROOT_CLASS = YES_ERROR;
				CLANG_WARN_RANGE_LOOP_ANALYSIS = YES;
				CLANG_WARN_STRICT_PROTOTYPES = YES;
				CLANG_WARN_SUSPICIOUS_MOVE = YES;
				CLANG_WARN_UNGUARDED_AVAILABILITY = YES_AGGRESSIVE;
				CLANG_WARN_UNREACHABLE_CODE = YES;
				CLANG_WARN__DUPLICATE_METHOD_MATCH = YES;
				CODE_SIGN_IDENTITY = "iPhone Developer";
				COPY_PHASE_STRIP = NO;
				DEBUG_INFORMATION_FORMAT = dwarf;
				ENABLE_STRICT_OBJC_MSGSEND = YES;
				ENABLE_TESTABILITY = YES;
				GCC_C_LANGUAGE_STANDARD = gnu11;
				GCC_DYNAMIC_NO_PIC = NO;
				GCC_NO_COMMON_BLOCKS = YES;
				GCC_OPTIMIZATION_LEVEL = 0;
				GCC_PREPROCESSOR_DEFINITIONS = (
					"DEBUG=1",
					"$(inherited)",
				);
				GCC_WARN_64_TO_32_BIT_CONVERSION = YES;
				GCC_WARN_ABOUT_RETURN_TYPE = YES_ERROR;
				GCC_WARN_UNDECLARED_SELECTOR = YES;
				GCC_WARN_UNINITIALIZED_AUTOS = YES_AGGRESSIVE;
				GCC_WARN_UNUSED_FUNCTION = YES;
				GCC_WARN_UNUSED_VARIABLE = YES;
				IPHONEOS_DEPLOYMENT_TARGET = 12.2;
				MTL_ENABLE_DEBUG_INFO = INCLUDE_SOURCE;
				MTL_FAST_MATH = YES;
				ONLY_ACTIVE_ARCH = YES;
				SDKROOT = iphoneos;
				SWIFT_ACTIVE_COMPILATION_CONDITIONS = DEBUG;
				SWIFT_OPTIMIZATION_LEVEL = "-Onone";
			};
			name = Debug;
		};
		D9AB17B322CA33CD00D3BA2D /* Release */ = {
			isa = XCBuildConfiguration;
			buildSettings = {
				ALWAYS_SEARCH_USER_PATHS = NO;
				CLANG_ANALYZER_NONNULL = YES;
				CLANG_ANALYZER_NUMBER_OBJECT_CONVERSION = YES_AGGRESSIVE;
				CLANG_CXX_LANGUAGE_STANDARD = "gnu++14";
				CLANG_CXX_LIBRARY = "libc++";
				CLANG_ENABLE_MODULES = YES;
				CLANG_ENABLE_OBJC_ARC = YES;
				CLANG_ENABLE_OBJC_WEAK = YES;
				CLANG_WARN_BLOCK_CAPTURE_AUTORELEASING = YES;
				CLANG_WARN_BOOL_CONVERSION = YES;
				CLANG_WARN_COMMA = YES;
				CLANG_WARN_CONSTANT_CONVERSION = YES;
				CLANG_WARN_DEPRECATED_OBJC_IMPLEMENTATIONS = YES;
				CLANG_WARN_DIRECT_OBJC_ISA_USAGE = YES_ERROR;
				CLANG_WARN_DOCUMENTATION_COMMENTS = YES;
				CLANG_WARN_EMPTY_BODY = YES;
				CLANG_WARN_ENUM_CONVERSION = YES;
				CLANG_WARN_INFINITE_RECURSION = YES;
				CLANG_WARN_INT_CONVERSION = YES;
				CLANG_WARN_NON_LITERAL_NULL_CONVERSION = YES;
				CLANG_WARN_OBJC_IMPLICIT_RETAIN_SELF = YES;
				CLANG_WARN_OBJC_LITERAL_CONVERSION = YES;
				CLANG_WARN_OBJC_ROOT_CLASS = YES_ERROR;
				CLANG_WARN_RANGE_LOOP_ANALYSIS = YES;
				CLANG_WARN_STRICT_PROTOTYPES = YES;
				CLANG_WARN_SUSPICIOUS_MOVE = YES;
				CLANG_WARN_UNGUARDED_AVAILABILITY = YES_AGGRESSIVE;
				CLANG_WARN_UNREACHABLE_CODE = YES;
				CLANG_WARN__DUPLICATE_METHOD_MATCH = YES;
				CODE_SIGN_IDENTITY = "iPhone Developer";
				COPY_PHASE_STRIP = NO;
				DEBUG_INFORMATION_FORMAT = "dwarf-with-dsym";
				ENABLE_NS_ASSERTIONS = NO;
				ENABLE_STRICT_OBJC_MSGSEND = YES;
				GCC_C_LANGUAGE_STANDARD = gnu11;
				GCC_NO_COMMON_BLOCKS = YES;
				GCC_WARN_64_TO_32_BIT_CONVERSION = YES;
				GCC_WARN_ABOUT_RETURN_TYPE = YES_ERROR;
				GCC_WARN_UNDECLARED_SELECTOR = YES;
				GCC_WARN_UNINITIALIZED_AUTOS = YES_AGGRESSIVE;
				GCC_WARN_UNUSED_FUNCTION = YES;
				GCC_WARN_UNUSED_VARIABLE = YES;
				IPHONEOS_DEPLOYMENT_TARGET = 12.2;
				MTL_ENABLE_DEBUG_INFO = NO;
				MTL_FAST_MATH = YES;
				SDKROOT = iphoneos;
				SWIFT_COMPILATION_MODE = wholemodule;
				SWIFT_OPTIMIZATION_LEVEL = "-O";
				VALIDATE_PRODUCT = YES;
			};
			name = Release;
		};
		D9AB17B522CA33CD00D3BA2D /* Debug */ = {
			isa = XCBuildConfiguration;
			baseConfigurationReference = 2BD52CB12126EEE86B411A78 /* Pods-TaskGotReady.debug.xcconfig */;
			buildSettings = {
				ASSETCATALOG_COMPILER_APPICON_NAME = AppIcon;
				CODE_SIGN_STYLE = Automatic;
				DEVELOPMENT_TEAM = "";
				INFOPLIST_FILE = TaskGotReady/Info.plist;
				IPHONEOS_DEPLOYMENT_TARGET = 12.2;
				LD_RUNPATH_SEARCH_PATHS = (
					"$(inherited)",
					"@executable_path/Frameworks",
				);
				PRODUCT_BUNDLE_IDENTIFIER = com.awesomeblastingapps.TaskGotReady;
				PRODUCT_NAME = "$(TARGET_NAME)";
				SWIFT_VERSION = 5.0;
				TARGETED_DEVICE_FAMILY = "1,2";
			};
			name = Debug;
		};
		D9AB17B622CA33CD00D3BA2D /* Release */ = {
			isa = XCBuildConfiguration;
			baseConfigurationReference = 69E59794949A256D3942E13A /* Pods-TaskGotReady.release.xcconfig */;
			buildSettings = {
				ASSETCATALOG_COMPILER_APPICON_NAME = AppIcon;
				CODE_SIGN_STYLE = Automatic;
				DEVELOPMENT_TEAM = "";
				INFOPLIST_FILE = TaskGotReady/Info.plist;
				IPHONEOS_DEPLOYMENT_TARGET = 12.2;
				LD_RUNPATH_SEARCH_PATHS = (
					"$(inherited)",
					"@executable_path/Frameworks",
				);
				PRODUCT_BUNDLE_IDENTIFIER = com.awesomeblastingapps.TaskGotReady;
				PRODUCT_NAME = "$(TARGET_NAME)";
				SWIFT_VERSION = 5.0;
				TARGETED_DEVICE_FAMILY = "1,2";
			};
			name = Release;
		};
/* End XCBuildConfiguration section */

/* Begin XCConfigurationList section */
		D9AB179D22CA33CC00D3BA2D /* Build configuration list for PBXProject "TaskGotReady" */ = {
			isa = XCConfigurationList;
			buildConfigurations = (
				D9AB17B222CA33CD00D3BA2D /* Debug */,
				D9AB17B322CA33CD00D3BA2D /* Release */,
			);
			defaultConfigurationIsVisible = 0;
			defaultConfigurationName = Release;
		};
		D9AB17B422CA33CD00D3BA2D /* Build configuration list for PBXNativeTarget "TaskGotReady" */ = {
			isa = XCConfigurationList;
			buildConfigurations = (
				D9AB17B522CA33CD00D3BA2D /* Debug */,
				D9AB17B622CA33CD00D3BA2D /* Release */,
			);
			defaultConfigurationIsVisible = 0;
			defaultConfigurationName = Release;
		};
/* End XCConfigurationList section */
	};
	rootObject = D9AB179A22CA33CC00D3BA2D /* Project object */;
}
