// !$*UTF8*$!
{
	archiveVersion = 1;
	classes = {
	};
	objectVersion = 50;
	objects = {

/* Begin PBXBuildFile section */
		D9AB183622CBDCA400D3BA2D /* AppDelegate.swift in Sources */ = {isa = PBXBuildFile; fileRef = D9AB183522CBDCA400D3BA2D /* AppDelegate.swift */; };
		D9AB183822CBDCA400D3BA2D /* ViewController.swift in Sources */ = {isa = PBXBuildFile; fileRef = D9AB183722CBDCA400D3BA2D /* ViewController.swift */; };
		D9AB183B22CBDCA400D3BA2D /* Main.storyboard in Resources */ = {isa = PBXBuildFile; fileRef = D9AB183922CBDCA400D3BA2D /* Main.storyboard */; };
		D9AB183E22CBDCA400D3BA2D /* CoreTest3.xcdatamodeld in Sources */ = {isa = PBXBuildFile; fileRef = D9AB183C22CBDCA400D3BA2D /* CoreTest3.xcdatamodeld */; };
		D9AB184022CBDCA600D3BA2D /* Assets.xcassets in Resources */ = {isa = PBXBuildFile; fileRef = D9AB183F22CBDCA600D3BA2D /* Assets.xcassets */; };
		D9AB184322CBDCA600D3BA2D /* LaunchScreen.storyboard in Resources */ = {isa = PBXBuildFile; fileRef = D9AB184122CBDCA600D3BA2D /* LaunchScreen.storyboard */; };
/* End PBXBuildFile section */

/* Begin PBXFileReference section */
		D9AB183222CBDCA400D3BA2D /* CoreTest3.app */ = {isa = PBXFileReference; explicitFileType = wrapper.application; includeInIndex = 0; path = CoreTest3.app; sourceTree = BUILT_PRODUCTS_DIR; };
		D9AB183522CBDCA400D3BA2D /* AppDelegate.swift */ = {isa = PBXFileReference; lastKnownFileType = sourcecode.swift; path = AppDelegate.swift; sourceTree = "<group>"; };
		D9AB183722CBDCA400D3BA2D /* ViewController.swift */ = {isa = PBXFileReference; lastKnownFileType = sourcecode.swift; path = ViewController.swift; sourceTree = "<group>"; };
		D9AB183A22CBDCA400D3BA2D /* Base */ = {isa = PBXFileReference; lastKnownFileType = file.storyboard; name = Base; path = Base.lproj/Main.storyboard; sourceTree = "<group>"; };
		D9AB183D22CBDCA400D3BA2D /* CoreTest3.xcdatamodel */ = {isa = PBXFileReference; lastKnownFileType = wrapper.xcdatamodel; path = CoreTest3.xcdatamodel; sourceTree = "<group>"; };
		D9AB183F22CBDCA600D3BA2D /* Assets.xcassets */ = {isa = PBXFileReference; lastKnownFileType = folder.assetcatalog; path = Assets.xcassets; sourceTree = "<group>"; };
		D9AB184222CBDCA600D3BA2D /* Base */ = {isa = PBXFileReference; lastKnownFileType = file.storyboard; name = Base; path = Base.lproj/LaunchScreen.storyboard; sourceTree = "<group>"; };
		D9AB184422CBDCA600D3BA2D /* Info.plist */ = {isa = PBXFileReference; lastKnownFileType = text.plist.xml; path = Info.plist; sourceTree = "<group>"; };
/* End PBXFileReference section */

/* Begin PBXFrameworksBuildPhase section */
		D9AB182F22CBDCA400D3BA2D /* Frameworks */ = {
			isa = PBXFrameworksBuildPhase;
			buildActionMask = 2147483647;
			files = (
			);
			runOnlyForDeploymentPostprocessing = 0;
		};
/* End PBXFrameworksBuildPhase section */

/* Begin PBXGroup section */
		D9AB182922CBDCA400D3BA2D = {
			isa = PBXGroup;
			children = (
				D9AB183422CBDCA400D3BA2D /* CoreTest3 */,
				D9AB183322CBDCA400D3BA2D /* Products */,
			);
			sourceTree = "<group>";
		};
		D9AB183322CBDCA400D3BA2D /* Products */ = {
			isa = PBXGroup;
			children = (
				D9AB183222CBDCA400D3BA2D /* CoreTest3.app */,
			);
			name = Products;
			sourceTree = "<group>";
		};
		D9AB183422CBDCA400D3BA2D /* CoreTest3 */ = {
			isa = PBXGroup;
			children = (
				D9AB183522CBDCA400D3BA2D /* AppDelegate.swift */,
				D9AB183722CBDCA400D3BA2D /* ViewController.swift */,
				D9AB183922CBDCA400D3BA2D /* Main.storyboard */,
				D9AB183F22CBDCA600D3BA2D /* Assets.xcassets */,
				D9AB184122CBDCA600D3BA2D /* LaunchScreen.storyboard */,
				D9AB184422CBDCA600D3BA2D /* Info.plist */,
				D9AB183C22CBDCA400D3BA2D /* CoreTest3.xcdatamodeld */,
			);
			path = CoreTest3;
			sourceTree = "<group>";
		};
/* End PBXGroup section */

/* Begin PBXNativeTarget section */
		D9AB183122CBDCA400D3BA2D /* CoreTest3 */ = {
			isa = PBXNativeTarget;
			buildConfigurationList = D9AB184722CBDCA600D3BA2D /* Build configuration list for PBXNativeTarget "CoreTest3" */;
			buildPhases = (
				D9AB182E22CBDCA400D3BA2D /* Sources */,
				D9AB182F22CBDCA400D3BA2D /* Frameworks */,
				D9AB183022CBDCA400D3BA2D /* Resources */,
			);
			buildRules = (
			);
			dependencies = (
			);
			name = CoreTest3;
			productName = CoreTest3;
			productReference = D9AB183222CBDCA400D3BA2D /* CoreTest3.app */;
			productType = "com.apple.product-type.application";
		};
/* End PBXNativeTarget section */

/* Begin PBXProject section */
		D9AB182A22CBDCA400D3BA2D /* Project object */ = {
			isa = PBXProject;
			attributes = {
				LastSwiftUpdateCheck = 1020;
				LastUpgradeCheck = 1020;
				ORGANIZATIONNAME = "Viktor Varsano";
				TargetAttributes = {
					D9AB183122CBDCA400D3BA2D = {
						CreatedOnToolsVersion = 10.2.1;
					};
				};
			};
			buildConfigurationList = D9AB182D22CBDCA400D3BA2D /* Build configuration list for PBXProject "CoreTest3" */;
			compatibilityVersion = "Xcode 9.3";
			developmentRegion = en;
			hasScannedForEncodings = 0;
			knownRegions = (
				en,
				Base,
			);
			mainGroup = D9AB182922CBDCA400D3BA2D;
			productRefGroup = D9AB183322CBDCA400D3BA2D /* Products */;
			projectDirPath = "";
			projectRoot = "";
			targets = (
				D9AB183122CBDCA400D3BA2D /* CoreTest3 */,
			);
		};
/* End PBXProject section */

/* Begin PBXResourcesBuildPhase section */
		D9AB183022CBDCA400D3BA2D /* Resources */ = {
			isa = PBXResourcesBuildPhase;
			buildActionMask = 2147483647;
			files = (
				D9AB184322CBDCA600D3BA2D /* LaunchScreen.storyboard in Resources */,
				D9AB184022CBDCA600D3BA2D /* Assets.xcassets in Resources */,
				D9AB183B22CBDCA400D3BA2D /* Main.storyboard in Resources */,
			);
			runOnlyForDeploymentPostprocessing = 0;
		};
/* End PBXResourcesBuildPhase section */

/* Begin PBXSourcesBuildPhase section */
		D9AB182E22CBDCA400D3BA2D /* Sources */ = {
			isa = PBXSourcesBuildPhase;
			buildActionMask = 2147483647;
			files = (
				D9AB183E22CBDCA400D3BA2D /* CoreTest3.xcdatamodeld in Sources */,
				D9AB183822CBDCA400D3BA2D /* ViewController.swift in Sources */,
				D9AB183622CBDCA400D3BA2D /* AppDelegate.swift in Sources */,
			);
			runOnlyForDeploymentPostprocessing = 0;
		};
/* End PBXSourcesBuildPhase section */

/* Begin PBXVariantGroup section */
		D9AB183922CBDCA400D3BA2D /* Main.storyboard */ = {
			isa = PBXVariantGroup;
			children = (
				D9AB183A22CBDCA400D3BA2D /* Base */,
			);
			name = Main.storyboard;
			sourceTree = "<group>";
		};
		D9AB184122CBDCA600D3BA2D /* LaunchScreen.storyboard */ = {
			isa = PBXVariantGroup;
			children = (
				D9AB184222CBDCA600D3BA2D /* Base */,
			);
			name = LaunchScreen.storyboard;
			sourceTree = "<group>";
		};
/* End PBXVariantGroup section */

/* Begin XCBuildConfiguration section */
		D9AB184522CBDCA600D3BA2D /* Debug */ = {
			isa = XCBuildConfiguration;
			buildSettings = {
				ALWAYS_SEARCH_USER_PATHS = NO;
				CLANG_ANALYZER_NONNULL = YES;
				CLANG_ANALYZER_NUMBER_OBJECT_CONVERSION = YES_AGGRESSIVE;
				CLANG_CXX_LANGUAGE_STANDARD = "gnu++14";
				CLANG_CXX_LIBRARY = "libc++";
				CLANG_ENABLE_MODULES = YES;
				CLANG_ENABLE_OBJC_ARC = YES;
				CLANG_ENABLE_OBJC_WEAK = YES;
				CLANG_WARN_BLOCK_CAPTURE_AUTORELEASING = YES;
				CLANG_WARN_BOOL_CONVERSION = YES;
				CLANG_WARN_COMMA = YES;
				CLANG_WARN_CONSTANT_CONVERSION = YES;
				CLANG_WARN_DEPRECATED_OBJC_IMPLEMENTATIONS = YES;
				CLANG_WARN_DIRECT_OBJC_ISA_USAGE = YES_ERROR;
				CLANG_WARN_DOCUMENTATION_COMMENTS = YES;
				CLANG_WARN_EMPTY_BODY = YES;
				CLANG_WARN_ENUM_CONVERSION = YES;
				CLANG_WARN_INFINITE_RECURSION = YES;
				CLANG_WARN_INT_CONVERSION = YES;
				CLANG_WARN_NON_LITERAL_NULL_CONVERSION = YES;
				CLANG_WARN_OBJC_IMPLICIT_RETAIN_SELF = YES;
				CLANG_WARN_OBJC_LITERAL_CONVERSION = YES;
				CLANG_WARN_OBJC_ROOT_CLASS = YES_ERROR;
				CLANG_WARN_RANGE_LOOP_ANALYSIS = YES;
				CLANG_WARN_STRICT_PROTOTYPES = YES;
				CLANG_WARN_SUSPICIOUS_MOVE = YES;
				CLANG_WARN_UNGUARDED_AVAILABILITY = YES_AGGRESSIVE;
				CLANG_WARN_UNREACHABLE_CODE = YES;
				CLANG_WARN__DUPLICATE_METHOD_MATCH = YES;
				CODE_SIGN_IDENTITY = "iPhone Developer";
				COPY_PHASE_STRIP = NO;
				DEBUG_INFORMATION_FORMAT = dwarf;
				ENABLE_STRICT_OBJC_MSGSEND = YES;
				ENABLE_TESTABILITY = YES;
				GCC_C_LANGUAGE_STANDARD = gnu11;
				GCC_DYNAMIC_NO_PIC = NO;
				GCC_NO_COMMON_BLOCKS = YES;
				GCC_OPTIMIZATION_LEVEL = 0;
				GCC_PREPROCESSOR_DEFINITIONS = (
					"DEBUG=1",
					"$(inherited)",
				);
				GCC_WARN_64_TO_32_BIT_CONVERSION = YES;
				GCC_WARN_ABOUT_RETURN_TYPE = YES_ERROR;
				GCC_WARN_UNDECLARED_SELECTOR = YES;
				GCC_WARN_UNINITIALIZED_AUTOS = YES_AGGRESSIVE;
				GCC_WARN_UNUSED_FUNCTION = YES;
				GCC_WARN_UNUSED_VARIABLE = YES;
				IPHONEOS_DEPLOYMENT_TARGET = 12.2;
				MTL_ENABLE_DEBUG_INFO = INCLUDE_SOURCE;
				MTL_FAST_MATH = YES;
				ONLY_ACTIVE_ARCH = YES;
				SDKROOT = iphoneos;
				SWIFT_ACTIVE_COMPILATION_CONDITIONS = DEBUG;
				SWIFT_OPTIMIZATION_LEVEL = "-Onone";
			};
			name = Debug;
		};
		D9AB184622CBDCA600D3BA2D /* Release */ = {
			isa = XCBuildConfiguration;
			buildSettings = {
				ALWAYS_SEARCH_USER_PATHS = NO;
				CLANG_ANALYZER_NONNULL = YES;
				CLANG_ANALYZER_NUMBER_OBJECT_CONVERSION = YES_AGGRESSIVE;
				CLANG_CXX_LANGUAGE_STANDARD = "gnu++14";
				CLANG_CXX_LIBRARY = "libc++";
				CLANG_ENABLE_MODULES = YES;
				CLANG_ENABLE_OBJC_ARC = YES;
				CLANG_ENABLE_OBJC_WEAK = YES;
				CLANG_WARN_BLOCK_CAPTURE_AUTORELEASING = YES;
				CLANG_WARN_BOOL_CONVERSION = YES;
				CLANG_WARN_COMMA = YES;
				CLANG_WARN_CONSTANT_CONVERSION = YES;
				CLANG_WARN_DEPRECATED_OBJC_IMPLEMENTATIONS = YES;
				CLANG_WARN_DIRECT_OBJC_ISA_USAGE = YES_ERROR;
				CLANG_WARN_DOCUMENTATION_COMMENTS = YES;
				CLANG_WARN_EMPTY_BODY = YES;
				CLANG_WARN_ENUM_CONVERSION = YES;
				CLANG_WARN_INFINITE_RECURSION = YES;
				CLANG_WARN_INT_CONVERSION = YES;
				CLANG_WARN_NON_LITERAL_NULL_CONVERSION = YES;
				CLANG_WARN_OBJC_IMPLICIT_RETAIN_SELF = YES;
				CLANG_WARN_OBJC_LITERAL_CONVERSION = YES;
				CLANG_WARN_OBJC_ROOT_CLASS = YES_ERROR;
				CLANG_WARN_RANGE_LOOP_ANALYSIS = YES;
				CLANG_WARN_STRICT_PROTOTYPES = YES;
				CLANG_WARN_SUSPICIOUS_MOVE = YES;
				CLANG_WARN_UNGUARDED_AVAILABILITY = YES_AGGRESSIVE;
				CLANG_WARN_UNREACHABLE_CODE = YES;
				CLANG_WARN__DUPLICATE_METHOD_MATCH = YES;
				CODE_SIGN_IDENTITY = "iPhone Developer";
				COPY_PHASE_STRIP = NO;
				DEBUG_INFORMATION_FORMAT = "dwarf-with-dsym";
				ENABLE_NS_ASSERTIONS = NO;
				ENABLE_STRICT_OBJC_MSGSEND = YES;
				GCC_C_LANGUAGE_STANDARD = gnu11;
				GCC_NO_COMMON_BLOCKS = YES;
				GCC_WARN_64_TO_32_BIT_CONVERSION = YES;
				GCC_WARN_ABOUT_RETURN_TYPE = YES_ERROR;
				GCC_WARN_UNDECLARED_SELECTOR = YES;
				GCC_WARN_UNINITIALIZED_AUTOS = YES_AGGRESSIVE;
				GCC_WARN_UNUSED_FUNCTION = YES;
				GCC_WARN_UNUSED_VARIABLE = YES;
				IPHONEOS_DEPLOYMENT_TARGET = 12.2;
				MTL_ENABLE_DEBUG_INFO = NO;
				MTL_FAST_MATH = YES;
				SDKROOT = iphoneos;
				SWIFT_COMPILATION_MODE = wholemodule;
				SWIFT_OPTIMIZATION_LEVEL = "-O";
				VALIDATE_PRODUCT = YES;
			};
			name = Release;
		};
		D9AB184822CBDCA600D3BA2D /* Debug */ = {
			isa = XCBuildConfiguration;
			buildSettings = {
				ASSETCATALOG_COMPILER_APPICON_NAME = AppIcon;
				CODE_SIGN_STYLE = Automatic;
				DEVELOPMENT_TEAM = HC827WKN62;
				INFOPLIST_FILE = CoreTest3/Info.plist;
				LD_RUNPATH_SEARCH_PATHS = (
					"$(inherited)",
					"@executable_path/Frameworks",
				);
				PRODUCT_BUNDLE_IDENTIFIER = com.awesomeblastingapps.CoreTest3;
				PRODUCT_NAME = "$(TARGET_NAME)";
				SWIFT_VERSION = 5.0;
				TARGETED_DEVICE_FAMILY = "1,2";
			};
			name = Debug;
		};
		D9AB184922CBDCA600D3BA2D /* Release */ = {
			isa = XCBuildConfiguration;
			buildSettings = {
				ASSETCATALOG_COMPILER_APPICON_NAME = AppIcon;
				CODE_SIGN_STYLE = Automatic;
				DEVELOPMENT_TEAM = HC827WKN62;
				INFOPLIST_FILE = CoreTest3/Info.plist;
				LD_RUNPATH_SEARCH_PATHS = (
					"$(inherited)",
					"@executable_path/Frameworks",
				);
				PRODUCT_BUNDLE_IDENTIFIER = com.awesomeblastingapps.CoreTest3;
				PRODUCT_NAME = "$(TARGET_NAME)";
				SWIFT_VERSION = 5.0;
				TARGETED_DEVICE_FAMILY = "1,2";
			};
			name = Release;
		};
/* End XCBuildConfiguration section */

/* Begin XCConfigurationList section */
		D9AB182D22CBDCA400D3BA2D /* Build configuration list for PBXProject "CoreTest3" */ = {
			isa = XCConfigurationList;
			buildConfigurations = (
				D9AB184522CBDCA600D3BA2D /* Debug */,
				D9AB184622CBDCA600D3BA2D /* Release */,
			);
			defaultConfigurationIsVisible = 0;
			defaultConfigurationName = Release;
		};
		D9AB184722CBDCA600D3BA2D /* Build configuration list for PBXNativeTarget "CoreTest3" */ = {
			isa = XCConfigurationList;
			buildConfigurations = (
				D9AB184822CBDCA600D3BA2D /* Debug */,
				D9AB184922CBDCA600D3BA2D /* Release */,
			);
			defaultConfigurationIsVisible = 0;
			defaultConfigurationName = Release;
		};
/* End XCConfigurationList section */

/* Begin XCVersionGroup section */
		D9AB183C22CBDCA400D3BA2D /* CoreTest3.xcdatamodeld */ = {
			isa = XCVersionGroup;
			children = (
				D9AB183D22CBDCA400D3BA2D /* CoreTest3.xcdatamodel */,
			);
			currentVersion = D9AB183D22CBDCA400D3BA2D /* CoreTest3.xcdatamodel */;
			path = CoreTest3.xcdatamodeld;
			sourceTree = "<group>";
			versionGroupType = wrapper.xcdatamodel;
		};
/* End XCVersionGroup section */
	};
	rootObject = D9AB182A22CBDCA400D3BA2D /* Project object */;
}
